
Microsoft Visual Studio Solution File, Format Version 12.00
# Visual Studio Version 16
VisualStudioVersion = 16.0.29613.14
MinimumVisualStudioVersion = 10.0.40219.1
Project("{FAE04EC0-301F-11D3-BF4B-00C04F79EFBC}") = "BitCoinAPI", "BitCoinAPI\BitCoinAPI.csproj", "{9D6D5845-D0DE-41F5-AC2B-E188A6D563CE}"
EndProject
Global
	GlobalSection(SolutionConfigurationPlatforms) = preSolution
		Debug|Any CPU = Debug|Any CPU
		Release|Any CPU = Release|Any CPU
	EndGlobalSection
	GlobalSection(ProjectConfigurationPlatforms) = postSolution
		{9D6D5845-D0DE-41F5-AC2B-E188A6D563CE}.Debug|Any CPU.ActiveCfg = Debug|Any CPU
		{9D6D5845-D0DE-41F5-AC2B-E188A6D563CE}.Debug|Any CPU.Build.0 = Debug|Any CPU
		{9D6D5845-D0DE-41F5-AC2B-E188A6D563CE}.Release|Any CPU.ActiveCfg = Release|Any CPU
		{9D6D5845-D0DE-41F5-AC2B-E188A6D563CE}.Release|Any CPU.Build.0 = Release|Any CPU
	EndGlobalSection
	GlobalSection(SolutionProperties) = preSolution
		HideSolutionNode = FALSE
	EndGlobalSection
	GlobalSection(ExtensibilityGlobals) = postSolution
		SolutionGuid = {986E5242-3FA8-4699-BF2B-19193FFBEBA9}
	EndGlobalSection
EndGlobal
